
Microsoft Visual Studio Solution File, Format Version 12.00
# Visual Studio Version 17
VisualStudioVersion = 17.14.36221.1 d17.14
MinimumVisualStudioVersion = 10.0.40219.1
Project("{8BC9CEB8-8B4A-11D0-8D11-00A0C91BC942}") = "RSolution57", "RSolution57\RSolution57.vcxproj", "{A0A528D5-5DB4-4AC9-B587-11156E193977}"
EndProject
Global
	GlobalSection(SolutionConfigurationPlatforms) = preSolution
		Debug|x64 = Debug|x64
		Debug|x86 = Debug|x86
		Release|x64 = Release|x64
		Release|x86 = Release|x86
	EndGlobalSection
	GlobalSection(ProjectConfigurationPlatforms) = postSolution
		{A0A528D5-5DB4-4AC9-B587-11156E193977}.Debug|x64.ActiveCfg = Debug|x64
		{A0A528D5-5DB4-4AC9-B587-11156E193977}.Debug|x64.Build.0 = Debug|x64
		{A0A528D5-5DB4-4AC9-B587-11156E193977}.Debug|x86.ActiveCfg = Debug|Win32
		{A0A528D5-5DB4-4AC9-B587-11156E193977}.Debug|x86.Build.0 = Debug|Win32
		{A0A528D5-5DB4-4AC9-B587-11156E193977}.Release|x64.ActiveCfg = Release|x64
		{A0A528D5-5DB4-4AC9-B587-11156E193977}.Release|x64.Build.0 = Release|x64
		{A0A528D5-5DB4-4AC9-B587-11156E193977}.Release|x86.ActiveCfg = Release|Win32
		{A0A528D5-5DB4-4AC9-B587-11156E193977}.Release|x86.Build.0 = Release|Win32
	EndGlobalSection
	GlobalSection(SolutionProperties) = preSolution
		HideSolutionNode = FALSE
	EndGlobalSection
	GlobalSection(ExtensibilityGlobals) = postSolution
		SolutionGuid = {0E59590E-1B14-44A3-BFE1-A4AB7B9BF961}
	EndGlobalSection
EndGlobal
