
Microsoft Visual Studio Solution File, Format Version 12.00
# Visual Studio Version 17
VisualStudioVersion = 17.14.36221.1 d17.14
MinimumVisualStudioVersion = 10.0.40219.1
Project("{8BC9CEB8-8B4A-11D0-8D11-00A0C91BC942}") = "Solution113", "Solution113\Solution113.vcxproj", "{D2EE0D87-66D7-4901-BF61-3F84D93E94E8}"
EndProject
Global
	GlobalSection(SolutionConfigurationPlatforms) = preSolution
		Debug|x64 = Debug|x64
		Debug|x86 = Debug|x86
		Release|x64 = Release|x64
		Release|x86 = Release|x86
	EndGlobalSection
	GlobalSection(ProjectConfigurationPlatforms) = postSolution
		{D2EE0D87-66D7-4901-BF61-3F84D93E94E8}.Debug|x64.ActiveCfg = Debug|x64
		{D2EE0D87-66D7-4901-BF61-3F84D93E94E8}.Debug|x64.Build.0 = Debug|x64
		{D2EE0D87-66D7-4901-BF61-3F84D93E94E8}.Debug|x86.ActiveCfg = Debug|Win32
		{D2EE0D87-66D7-4901-BF61-3F84D93E94E8}.Debug|x86.Build.0 = Debug|Win32
		{D2EE0D87-66D7-4901-BF61-3F84D93E94E8}.Release|x64.ActiveCfg = Release|x64
		{D2EE0D87-66D7-4901-BF61-3F84D93E94E8}.Release|x64.Build.0 = Release|x64
		{D2EE0D87-66D7-4901-BF61-3F84D93E94E8}.Release|x86.ActiveCfg = Release|Win32
		{D2EE0D87-66D7-4901-BF61-3F84D93E94E8}.Release|x86.Build.0 = Release|Win32
	EndGlobalSection
	GlobalSection(SolutionProperties) = preSolution
		HideSolutionNode = FALSE
	EndGlobalSection
	GlobalSection(ExtensibilityGlobals) = postSolution
		SolutionGuid = {434227FF-94C0-4BDC-B232-0845915177FF}
	EndGlobalSection
EndGlobal
