
Microsoft Visual Studio Solution File, Format Version 12.00
# Visual Studio Version 17
VisualStudioVersion = 17.14.36221.1 d17.14
MinimumVisualStudioVersion = 10.0.40219.1
Project("{8BC9CEB8-8B4A-11D0-8D11-00A0C91BC942}") = "Solution110", "Solution110\Solution110.vcxproj", "{64D5ECF9-621B-452C-B315-460D76D0E708}"
EndProject
Global
	GlobalSection(SolutionConfigurationPlatforms) = preSolution
		Debug|x64 = Debug|x64
		Debug|x86 = Debug|x86
		Release|x64 = Release|x64
		Release|x86 = Release|x86
	EndGlobalSection
	GlobalSection(ProjectConfigurationPlatforms) = postSolution
		{64D5ECF9-621B-452C-B315-460D76D0E708}.Debug|x64.ActiveCfg = Debug|x64
		{64D5ECF9-621B-452C-B315-460D76D0E708}.Debug|x64.Build.0 = Debug|x64
		{64D5ECF9-621B-452C-B315-460D76D0E708}.Debug|x86.ActiveCfg = Debug|Win32
		{64D5ECF9-621B-452C-B315-460D76D0E708}.Debug|x86.Build.0 = Debug|Win32
		{64D5ECF9-621B-452C-B315-460D76D0E708}.Release|x64.ActiveCfg = Release|x64
		{64D5ECF9-621B-452C-B315-460D76D0E708}.Release|x64.Build.0 = Release|x64
		{64D5ECF9-621B-452C-B315-460D76D0E708}.Release|x86.ActiveCfg = Release|Win32
		{64D5ECF9-621B-452C-B315-460D76D0E708}.Release|x86.Build.0 = Release|Win32
	EndGlobalSection
	GlobalSection(SolutionProperties) = preSolution
		HideSolutionNode = FALSE
	EndGlobalSection
	GlobalSection(ExtensibilityGlobals) = postSolution
		SolutionGuid = {4D03184B-7CC2-42F0-A2DE-8460CFDB49BD}
	EndGlobalSection
EndGlobal
